
Microsoft Visual Studio Solution File, Format Version 12.00
# Visual Studio 15
VisualStudioVersion = 15.0.26403.3
MinimumVisualStudioVersion = 10.0.40219.1
Project("{FAE04EC0-301F-11D3-BF4B-00C04F79EFBC}") = "UnitTest_Day6", "UnitTest_Day6\UnitTest_Day6.csproj", "{529BDCD1-42F1-4D8D-B6C2-3FA6DCE5E337}"
EndProject
Project("{FAE04EC0-301F-11D3-BF4B-00C04F79EFBC}") = "UnitTest_Day6Tests", "UnitTest_Day6Tests\UnitTest_Day6Tests.csproj", "{FF643AA3-7430-468E-AB9A-55B438A21704}"
EndProject
Global
	GlobalSection(SolutionConfigurationPlatforms) = preSolution
		Debug|Any CPU = Debug|Any CPU
		Release|Any CPU = Release|Any CPU
	EndGlobalSection
	GlobalSection(ProjectConfigurationPlatforms) = postSolution
		{529BDCD1-42F1-4D8D-B6C2-3FA6DCE5E337}.Debug|Any CPU.ActiveCfg = Debug|Any CPU
		{529BDCD1-42F1-4D8D-B6C2-3FA6DCE5E337}.Debug|Any CPU.Build.0 = Debug|Any CPU
		{529BDCD1-42F1-4D8D-B6C2-3FA6DCE5E337}.Release|Any CPU.ActiveCfg = Release|Any CPU
		{529BDCD1-42F1-4D8D-B6C2-3FA6DCE5E337}.Release|Any CPU.Build.0 = Release|Any CPU
		{FF643AA3-7430-468E-AB9A-55B438A21704}.Debug|Any CPU.ActiveCfg = Debug|Any CPU
		{FF643AA3-7430-468E-AB9A-55B438A21704}.Debug|Any CPU.Build.0 = Debug|Any CPU
		{FF643AA3-7430-468E-AB9A-55B438A21704}.Release|Any CPU.ActiveCfg = Release|Any CPU
		{FF643AA3-7430-468E-AB9A-55B438A21704}.Release|Any CPU.Build.0 = Release|Any CPU
	EndGlobalSection
	GlobalSection(SolutionProperties) = preSolution
		HideSolutionNode = FALSE
	EndGlobalSection
EndGlobal
